
Microsoft Visual Studio Solution File, Format Version 12.00
# Visual Studio Version 17
VisualStudioVersion = 17.0.32112.339
MinimumVisualStudioVersion = 10.0.40219.1
Project("{FAE04EC0-301F-11D3-BF4B-00C04F79EFBC}") = "Button_Window", "Button_Window.csproj", "{70A9CB2C-0E0C-45C7-9A18-1AF6B6DB9ADC}"
EndProject
Global
	GlobalSection(SolutionConfigurationPlatforms) = preSolution
		Debug|Any CPU = Debug|Any CPU
		Release|Any CPU = Release|Any CPU
	EndGlobalSection
	GlobalSection(ProjectConfigurationPlatforms) = postSolution
		{70A9CB2C-0E0C-45C7-9A18-1AF6B6DB9ADC}.Debug|Any CPU.ActiveCfg = Debug|Any CPU
		{70A9CB2C-0E0C-45C7-9A18-1AF6B6DB9ADC}.Debug|Any CPU.Build.0 = Debug|Any CPU
		{70A9CB2C-0E0C-45C7-9A18-1AF6B6DB9ADC}.Release|Any CPU.ActiveCfg = Release|Any CPU
		{70A9CB2C-0E0C-45C7-9A18-1AF6B6DB9ADC}.Release|Any CPU.Build.0 = Release|Any CPU
	EndGlobalSection
	GlobalSection(SolutionProperties) = preSolution
		HideSolutionNode = FALSE
	EndGlobalSection
	GlobalSection(ExtensibilityGlobals) = postSolution
		SolutionGuid = {CCF4B827-F1FF-437B-BE47-32CFF0370767}
	EndGlobalSection
EndGlobal
